
Microsoft Visual Studio Solution File, Format Version 12.00
# Visual Studio Version 16
VisualStudioVersion = 16.0.29215.179
MinimumVisualStudioVersion = 10.0.40219.1
Project("{9A19103F-16F7-4668-BE54-9A1E7A4F7556}") = "Geta.AutoMapper", "src\Geta.AutoMapper\Geta.AutoMapper.csproj", "{DEDF2E2E-FFA1-465E-9908-D086390332BD}"
EndProject
Project("{9A19103F-16F7-4668-BE54-9A1E7A4F7556}") = "Geta.AutoMapper.Tests", "tests\Geta.AutoMapper.Tests\Geta.AutoMapper.Tests.csproj", "{4F823524-F971-482D-8D2B-DC20D744EBB3}"
EndProject
Global
	GlobalSection(SolutionConfigurationPlatforms) = preSolution
		Debug|Any CPU = Debug|Any CPU
		Release|Any CPU = Release|Any CPU
	EndGlobalSection
	GlobalSection(ProjectConfigurationPlatforms) = postSolution
		{DEDF2E2E-FFA1-465E-9908-D086390332BD}.Debug|Any CPU.ActiveCfg = Debug|Any CPU
		{DEDF2E2E-FFA1-465E-9908-D086390332BD}.Debug|Any CPU.Build.0 = Debug|Any CPU
		{DEDF2E2E-FFA1-465E-9908-D086390332BD}.Release|Any CPU.ActiveCfg = Release|Any CPU
		{DEDF2E2E-FFA1-465E-9908-D086390332BD}.Release|Any CPU.Build.0 = Release|Any CPU
		{4F823524-F971-482D-8D2B-DC20D744EBB3}.Debug|Any CPU.ActiveCfg = Debug|Any CPU
		{4F823524-F971-482D-8D2B-DC20D744EBB3}.Debug|Any CPU.Build.0 = Debug|Any CPU
		{4F823524-F971-482D-8D2B-DC20D744EBB3}.Release|Any CPU.ActiveCfg = Release|Any CPU
		{4F823524-F971-482D-8D2B-DC20D744EBB3}.Release|Any CPU.Build.0 = Release|Any CPU
	EndGlobalSection
	GlobalSection(SolutionProperties) = preSolution
		HideSolutionNode = FALSE
	EndGlobalSection
	GlobalSection(ExtensibilityGlobals) = postSolution
		SolutionGuid = {484ED944-F0FB-4715-95DF-2BE4254DCE20}
	EndGlobalSection
EndGlobal
